// !$*UTF8*$!
{
	archiveVersion = 1;
	classes = {
	};
	objectVersion = 77;
	objects = {

/* Begin PBXBuildFile section */
		84AA9B92301FA47000550B74 /* WidgetKit.framework in Frameworks */ = {isa = PBXBuildFile; fileRef = 84AA9B91301FA46F00550B74 /* WidgetKit.framework */; };
		84AA9B94301FA47000550B74 /* SwiftUI.framework in Frameworks */ = {isa = PBXBuildFile; fileRef = 84AA9B93301FA47000550B74 /* SwiftUI.framework */; };
		84AA9BA5301FA47100550B74 /* NPCEnglishWidgetExtension.appex in Embed Foundation Extensions */ = {isa = PBXBuildFile; fileRef = 84AA9B8F301FA46F00550B74 /* NPCEnglishWidgetExtension.appex */; settings = {ATTRIBUTES = (RemoveHeadersOnCopy, ); }; };
/* End PBXBuildFile section */

/* Begin PBXContainerItemProxy section */
		84AA9B3E301F9D3500550B74 /* PBXContainerItemProxy */ = {
			isa = PBXContainerItemProxy;
			containerPortal = 848176BE3017B37200F6E534 /* Project object */;
			proxyType = 1;
			remoteGlobalIDString = 848176C53017B37200F6E534;
			remoteInfo = NPCEnglish;
		};
		84AA9BA3301FA47100550B74 /* PBXContainerItemProxy */ = {
			isa = PBXContainerItemProxy;
			containerPortal = 848176BE3017B37200F6E534 /* Project object */;
			proxyType = 1;
			remoteGlobalIDString = 84AA9B8E301FA46F00550B74;
			remoteInfo = NPCEnglishWidgetExtension;
		};
/* End PBXContainerItemProxy section */

/* Begin PBXCopyFilesBuildPhase section */
		84AA9BAA301FA47100550B74 /* Embed Foundation Extensions */ = {
			isa = PBXCopyFilesBuildPhase;
			buildActionMask = 2147483647;
			dstPath = "";
			dstSubfolderSpec = 13;
			files = (
				84AA9BA5301FA47100550B74 /* NPCEnglishWidgetExtension.appex in Embed Foundation Extensions */,
			);
			name = "Embed Foundation Extensions";
			runOnlyForDeploymentPostprocessing = 0;
		};
/* End PBXCopyFilesBuildPhase section */

/* Begin PBXFileReference section */
		84AA9AFC301F9C6300550B74 /* NPCEnglish.app */ = {isa = PBXFileReference; explicitFileType = wrapper.application; includeInIndex = 0; path = NPCEnglish.app; sourceTree = BUILT_PRODUCTS_DIR; };
		84AA9B3A301F9D3500550B74 /* NPCEnglishTests.xctest */ = {isa = PBXFileReference; explicitFileType = wrapper.cfbundle; includeInIndex = 0; path = NPCEnglishTests.xctest; sourceTree = BUILT_PRODUCTS_DIR; };
		84AA9B8F301FA46F00550B74 /* NPCEnglishWidgetExtension.appex */ = {isa = PBXFileReference; explicitFileType = "wrapper.app-extension"; includeInIndex = 0; path = NPCEnglishWidgetExtension.appex; sourceTree = BUILT_PRODUCTS_DIR; };
		84AA9B91301FA46F00550B74 /* WidgetKit.framework */ = {isa = PBXFileReference; lastKnownFileType = wrapper.framework; name = WidgetKit.framework; path = System/Library/Frameworks/WidgetKit.framework; sourceTree = SDKROOT; };
		84AA9B93301FA47000550B74 /* SwiftUI.framework */ = {isa = PBXFileReference; lastKnownFileType = wrapper.framework; name = SwiftUI.framework; path = System/Library/Frameworks/SwiftUI.framework; sourceTree = SDKROOT; };
		84AA9BAB301FA4C900550B74 /* NPCEnglishWidgetExtension.entitlements */ = {isa = PBXFileReference; lastKnownFileType = text.plist.entitlements; path = NPCEnglishWidgetExtension.entitlements; sourceTree = "<group>"; };
/* End PBXFileReference section */

/* Begin PBXFileSystemSynchronizedBuildFileExceptionSet section */
		84AA9BA6301FA47100550B74 /* Exceptions for "NPCEnglishWidget" folder in "NPCEnglishWidgetExtension" target */ = {
			isa = PBXFileSystemSynchronizedBuildFileExceptionSet;
			membershipExceptions = (
				Info.plist,
			);
			target = 84AA9B8E301FA46F00550B74 /* NPCEnglishWidgetExtension */;
		};
		84AA9BAD301FA53800550B74 /* Exceptions for "NPCEnglish" folder in "NPCEnglishWidgetExtension" target */ = {
			isa = PBXFileSystemSynchronizedBuildFileExceptionSet;
			membershipExceptions = (
				Loader/Word.swift,
				Loader/WordCategory.swift,
				Loader/WordSet.swift,
				Notification/StreakNotificationManager.swift,
				Stats/DailyStat.swift,
				Storage/CoreDataRep/CoreDataRepository.swift,
				Storage/CoreDataRep/CoreDataStack.swift,
				Storage/CoreDataRep/CoreDataStatsManager.swift,
				Storage/Entity/AppStatsEntity.swift,
				Storage/Entity/DailyStatEntity.swift,
				Storage/Entity/WordProgressEntity.swift,
			);
			target = 84AA9B8E301FA46F00550B74 /* NPCEnglishWidgetExtension */;
		};
		84AA9BB7301FA60600550B74 /* Exceptions for "NPCEnglish" folder in "NPCEnglish" target */ = {
			isa = PBXFileSystemSynchronizedBuildFileExceptionSet;
			membershipExceptions = (
				Info.plist,
			);
			target = 848176C53017B37200F6E534 /* NPCEnglish */;
		};
/* End PBXFileSystemSynchronizedBuildFileExceptionSet section */

/* Begin PBXFileSystemSynchronizedRootGroup section */
		848176C83017B37200F6E534 /* NPCEnglish */ = {
			isa = PBXFileSystemSynchronizedRootGroup;
			exceptions = (
				84AA9BB7301FA60600550B74 /* Exceptions for "NPCEnglish" folder in "NPCEnglish" target */,
				84AA9BAD301FA53800550B74 /* Exceptions for "NPCEnglish" folder in "NPCEnglishWidgetExtension" target */,
			);
			path = NPCEnglish;
			sourceTree = "<group>";
		};
		84AA9B3B301F9D3500550B74 /* NPCEnglishTests */ = {
			isa = PBXFileSystemSynchronizedRootGroup;
			path = NPCEnglishTests;
			sourceTree = "<group>";
		};
		84AA9B95301FA47000550B74 /* NPCEnglishWidget */ = {
			isa = PBXFileSystemSynchronizedRootGroup;
			exceptions = (
				84AA9BA6301FA47100550B74 /* Exceptions for "NPCEnglishWidget" folder in "NPCEnglishWidgetExtension" target */,
			);
			path = NPCEnglishWidget;
			sourceTree = "<group>";
		};
/* End PBXFileSystemSynchronizedRootGroup section */

/* Begin PBXFrameworksBuildPhase section */
		848176C33017B37200F6E534 /* Frameworks */ = {
			isa = PBXFrameworksBuildPhase;
			buildActionMask = 2147483647;
			files = (
			);
			runOnlyForDeploymentPostprocessing = 0;
		};
		84AA9B37301F9D3500550B74 /* Frameworks */ = {
			isa = PBXFrameworksBuildPhase;
			buildActionMask = 2147483647;
			files = (
			);
			runOnlyForDeploymentPostprocessing = 0;
		};
		84AA9B8C301FA46F00550B74 /* Frameworks */ = {
			isa = PBXFrameworksBuildPhase;
			buildActionMask = 2147483647;
			files = (
				84AA9B94301FA47000550B74 /* SwiftUI.framework in Frameworks */,
				84AA9B92301FA47000550B74 /* WidgetKit.framework in Frameworks */,
			);
			runOnlyForDeploymentPostprocessing = 0;
		};
/* End PBXFrameworksBuildPhase section */

/* Begin PBXGroup section */
		848176BD3017B37200F6E534 = {
			isa = PBXGroup;
			children = (
				84AA9BAB301FA4C900550B74 /* NPCEnglishWidgetExtension.entitlements */,
				848176C83017B37200F6E534 /* NPCEnglish */,
				84AA9AFC301F9C6300550B74 /* NPCEnglish.app */,
				84AA9B3A301F9D3500550B74 /* NPCEnglishTests.xctest */,
				84AA9B3B301F9D3500550B74 /* NPCEnglishTests */,
				84AA9B8F301FA46F00550B74 /* NPCEnglishWidgetExtension.appex */,
				84AA9B95301FA47000550B74 /* NPCEnglishWidget */,
				84AA9B90301FA46F00550B74 /* Frameworks */,
			);
			sourceTree = "<group>";
		};
		84AA9B90301FA46F00550B74 /* Frameworks */ = {
			isa = PBXGroup;
			children = (
				84AA9B91301FA46F00550B74 /* WidgetKit.framework */,
				84AA9B93301FA47000550B74 /* SwiftUI.framework */,
			);
			name = Frameworks;
			sourceTree = "<group>";
		};
/* End PBXGroup section */

/* Begin PBXNativeTarget section */
		848176C53017B37200F6E534 /* NPCEnglish */ = {
			isa = PBXNativeTarget;
			buildConfigurationList = 848176D13017B37400F6E534 /* Build configuration list for PBXNativeTarget "NPCEnglish" */;
			buildPhases = (
				848176C23017B37200F6E534 /* Sources */,
				848176C33017B37200F6E534 /* Frameworks */,
				848176C43017B37200F6E534 /* Resources */,
				84AA9BAA301FA47100550B74 /* Embed Foundation Extensions */,
			);
			buildRules = (
			);
			dependencies = (
				84AA9BA4301FA47100550B74 /* PBXTargetDependency */,
			);
			fileSystemSynchronizedGroups = (
				848176C83017B37200F6E534 /* NPCEnglish */,
			);
			name = NPCEnglish;
			packageProductDependencies = (
			);
			productName = NPCEnglish;
			productReference = 84AA9AFC301F9C6300550B74 /* NPCEnglish.app */;
			productType = "com.apple.product-type.application";
		};
		84AA9B39301F9D3500550B74 /* NPCEnglishTests */ = {
			isa = PBXNativeTarget;
			buildConfigurationList = 84AA9B42301F9D3500550B74 /* Build configuration list for PBXNativeTarget "NPCEnglishTests" */;
			buildPhases = (
				84AA9B36301F9D3500550B74 /* Sources */,
				84AA9B37301F9D3500550B74 /* Frameworks */,
				84AA9B38301F9D3500550B74 /* Resources */,
			);
			buildRules = (
			);
			dependencies = (
				84AA9B3F301F9D3500550B74 /* PBXTargetDependency */,
			);
			fileSystemSynchronizedGroups = (
				84AA9B3B301F9D3500550B74 /* NPCEnglishTests */,
			);
			name = NPCEnglishTests;
			packageProductDependencies = (
			);
			productName = NPCEnglishTests;
			productReference = 84AA9B3A301F9D3500550B74 /* NPCEnglishTests.xctest */;
			productType = "com.apple.product-type.bundle.unit-test";
		};
		84AA9B8E301FA46F00550B74 /* NPCEnglishWidgetExtension */ = {
			isa = PBXNativeTarget;
			buildConfigurationList = 84AA9BA7301FA47100550B74 /* Build configuration list for PBXNativeTarget "NPCEnglishWidgetExtension" */;
			buildPhases = (
				84AA9B8B301FA46F00550B74 /* Sources */,
				84AA9B8C301FA46F00550B74 /* Frameworks */,
				84AA9B8D301FA46F00550B74 /* Resources */,
			);
			buildRules = (
			);
			dependencies = (
			);
			fileSystemSynchronizedGroups = (
				84AA9B95301FA47000550B74 /* NPCEnglishWidget */,
			);
			name = NPCEnglishWidgetExtension;
			packageProductDependencies = (
			);
			productName = NPCEnglishWidgetExtension;
			productReference = 84AA9B8F301FA46F00550B74 /* NPCEnglishWidgetExtension.appex */;
			productType = "com.apple.product-type.app-extension";
		};
/* End PBXNativeTarget section */

/* Begin PBXProject section */
		848176BE3017B37200F6E534 /* Project object */ = {
			isa = PBXProject;
			attributes = {
				BuildIndependentTargetsInParallel = 1;
				LastSwiftUpdateCheck = 2640;
				LastUpgradeCheck = 2640;
				TargetAttributes = {
					848176C53017B37200F6E534 = {
						CreatedOnToolsVersion = 26.4.1;
					};
					84AA9B39301F9D3500550B74 = {
						CreatedOnToolsVersion = 26.4.1;
						TestTargetID = 848176C53017B37200F6E534;
					};
					84AA9B8E301FA46F00550B74 = {
						CreatedOnToolsVersion = 26.4.1;
					};
				};
			};
			buildConfigurationList = 848176C13017B37200F6E534 /* Build configuration list for PBXProject "NPCEnglish" */;
			developmentRegion = en;
			hasScannedForEncodings = 0;
			knownRegions = (
				en,
				Base,
			);
			mainGroup = 848176BD3017B37200F6E534;
			minimizedProjectReferenceProxies = 1;
			preferredProjectObjectVersion = 77;
			productRefGroup = 848176BD3017B37200F6E534;
			projectDirPath = "";
			projectRoot = "";
			targets = (
				848176C53017B37200F6E534 /* NPCEnglish */,
				84AA9B39301F9D3500550B74 /* NPCEnglishTests */,
				84AA9B8E301FA46F00550B74 /* NPCEnglishWidgetExtension */,
			);
		};
/* End PBXProject section */

/* Begin PBXResourcesBuildPhase section */
		848176C43017B37200F6E534 /* Resources */ = {
			isa = PBXResourcesBuildPhase;
			buildActionMask = 2147483647;
			files = (
			);
			runOnlyForDeploymentPostprocessing = 0;
		};
		84AA9B38301F9D3500550B74 /* Resources */ = {
			isa = PBXResourcesBuildPhase;
			buildActionMask = 2147483647;
			files = (
			);
			runOnlyForDeploymentPostprocessing = 0;
		};
		84AA9B8D301FA46F00550B74 /* Resources */ = {
			isa = PBXResourcesBuildPhase;
			buildActionMask = 2147483647;
			files = (
			);
			runOnlyForDeploymentPostprocessing = 0;
		};
/* End PBXResourcesBuildPhase section */

/* Begin PBXSourcesBuildPhase section */
		848176C23017B37200F6E534 /* Sources */ = {
			isa = PBXSourcesBuildPhase;
			buildActionMask = 2147483647;
			files = (
			);
			runOnlyForDeploymentPostprocessing = 0;
		};
		84AA9B36301F9D3500550B74 /* Sources */ = {
			isa = PBXSourcesBuildPhase;
			buildActionMask = 2147483647;
			files = (
			);
			runOnlyForDeploymentPostprocessing = 0;
		};
		84AA9B8B301FA46F00550B74 /* Sources */ = {
			isa = PBXSourcesBuildPhase;
			buildActionMask = 2147483647;
			files = (
			);
			runOnlyForDeploymentPostprocessing = 0;
		};
/* End PBXSourcesBuildPhase section */

/* Begin PBXTargetDependency section */
		84AA9B3F301F9D3500550B74 /* PBXTargetDependency */ = {
			isa = PBXTargetDependency;
			target = 848176C53017B37200F6E534 /* NPCEnglish */;
			targetProxy = 84AA9B3E301F9D3500550B74 /* PBXContainerItemProxy */;
		};
		84AA9BA4301FA47100550B74 /* PBXTargetDependency */ = {
			isa = PBXTargetDependency;
			target = 84AA9B8E301FA46F00550B74 /* NPCEnglishWidgetExtension */;
			targetProxy = 84AA9BA3301FA47100550B74 /* PBXContainerItemProxy */;
		};
/* End PBXTargetDependency section */

/* Begin XCBuildConfiguration section */
		848176CF3017B37400F6E534 /* Debug */ = {
			isa = XCBuildConfiguration;
			buildSettings = {
				ALWAYS_SEARCH_USER_PATHS = NO;
				ASSETCATALOG_COMPILER_GENERATE_SWIFT_ASSET_SYMBOL_EXTENSIONS = YES;
				CLANG_ANALYZER_NONNULL = YES;
				CLANG_ANALYZER_NUMBER_OBJECT_CONVERSION = YES_AGGRESSIVE;
				CLANG_CXX_LANGUAGE_STANDARD = "gnu++20";
				CLANG_ENABLE_MODULES = YES;
				CLANG_ENABLE_OBJC_ARC = YES;
				CLANG_ENABLE_OBJC_WEAK = YES;
				CLANG_WARN_BLOCK_CAPTURE_AUTORELEASING = YES;
				CLANG_WARN_BOOL_CONVERSION = YES;
				CLANG_WARN_COMMA = YES;
				CLANG_WARN_CONSTANT_CONVERSION = YES;
				CLANG_WARN_DEPRECATED_OBJC_IMPLEMENTATIONS = YES;
				CLANG_WARN_DIRECT_OBJC_ISA_USAGE = YES_ERROR;
				CLANG_WARN_DOCUMENTATION_COMMENTS = YES;
				CLANG_WARN_EMPTY_BODY = YES;
				CLANG_WARN_ENUM_CONVERSION = YES;
				CLANG_WARN_INFINITE_RECURSION = YES;
				CLANG_WARN_INT_CONVERSION = YES;
				CLANG_WARN_NON_LITERAL_NULL_CONVERSION = YES;
				CLANG_WARN_OBJC_IMPLICIT_RETAIN_SELF = YES;
				CLANG_WARN_OBJC_LITERAL_CONVERSION = YES;
				CLANG_WARN_OBJC_ROOT_CLASS = YES_ERROR;
				CLANG_WARN_QUOTED_INCLUDE_IN_FRAMEWORK_HEADER = YES;
				CLANG_WARN_RANGE_LOOP_ANALYSIS = YES;
				CLANG_WARN_STRICT_PROTOTYPES = YES;
				CLANG_WARN_SUSPICIOUS_MOVE = YES;
				CLANG_WARN_UNGUARDED_AVAILABILITY = YES_AGGRESSIVE;
				CLANG_WARN_UNREACHABLE_CODE = YES;
				CLANG_WARN__DUPLICATE_METHOD_MATCH = YES;
				COPY_PHASE_STRIP = NO;
				DEBUG_INFORMATION_FORMAT = dwarf;
				DEVELOPMENT_TEAM = LUQ926BAHR;
				ENABLE_STRICT_OBJC_MSGSEND = YES;
				ENABLE_TESTABILITY = YES;
				ENABLE_USER_SCRIPT_SANDBOXING = YES;
				GCC_C_LANGUAGE_STANDARD = gnu17;
				GCC_DYNAMIC_NO_PIC = NO;
				GCC_NO_COMMON_BLOCKS = YES;
				GCC_OPTIMIZATION_LEVEL = 0;
				GCC_PREPROCESSOR_DEFINITIONS = (
					"DEBUG=1",
					"$(inherited)",
				);
				GCC_WARN_64_TO_32_BIT_CONVERSION = YES;
				GCC_WARN_ABOUT_RETURN_TYPE = YES_ERROR;
				GCC_WARN_UNDECLARED_SELECTOR = YES;
				GCC_WARN_UNINITIALIZED_AUTOS = YES_AGGRESSIVE;
				GCC_WARN_UNUSED_FUNCTION = YES;
				GCC_WARN_UNUSED_VARIABLE = YES;
				IPHONEOS_DEPLOYMENT_TARGET = 26.4;
				LOCALIZATION_PREFERS_STRING_CATALOGS = YES;
				MTL_ENABLE_DEBUG_INFO = INCLUDE_SOURCE;
				MTL_FAST_MATH = YES;
				ONLY_ACTIVE_ARCH = YES;
				SDKROOT = iphoneos;
				SWIFT_ACTIVE_COMPILATION_CONDITIONS = "DEBUG $(inherited)";
				SWIFT_OPTIMIZATION_LEVEL = "-Onone";
			};
			name = Debug;
		};
		848176D03017B37400F6E534 /* Release */ = {
			isa = XCBuildConfiguration;
			buildSettings = {
				ALWAYS_SEARCH_USER_PATHS = NO;
				ASSETCATALOG_COMPILER_GENERATE_SWIFT_ASSET_SYMBOL_EXTENSIONS = YES;
				CLANG_ANALYZER_NONNULL = YES;
				CLANG_ANALYZER_NUMBER_OBJECT_CONVERSION = YES_AGGRESSIVE;
				CLANG_CXX_LANGUAGE_STANDARD = "gnu++20";
				CLANG_ENABLE_MODULES = YES;
				CLANG_ENABLE_OBJC_ARC = YES;
				CLANG_ENABLE_OBJC_WEAK = YES;
				CLANG_WARN_BLOCK_CAPTURE_AUTORELEASING = YES;
				CLANG_WARN_BOOL_CONVERSION = YES;
				CLANG_WARN_COMMA = YES;
				CLANG_WARN_CONSTANT_CONVERSION = YES;
				CLANG_WARN_DEPRECATED_OBJC_IMPLEMENTATIONS = YES;
				CLANG_WARN_DIRECT_OBJC_ISA_USAGE = YES_ERROR;
				CLANG_WARN_DOCUMENTATION_COMMENTS = YES;
				CLANG_WARN_EMPTY_BODY = YES;
				CLANG_WARN_ENUM_CONVERSION = YES;
				CLANG_WARN_INFINITE_RECURSION = YES;
				CLANG_WARN_INT_CONVERSION = YES;
				CLANG_WARN_NON_LITERAL_NULL_CONVERSION = YES;
				CLANG_WARN_OBJC_IMPLICIT_RETAIN_SELF = YES;
				CLANG_WARN_OBJC_LITERAL_CONVERSION = YES;
				CLANG_WARN_OBJC_ROOT_CLASS = YES_ERROR;
				CLANG_WARN_QUOTED_INCLUDE_IN_FRAMEWORK_HEADER = YES;
				CLANG_WARN_RANGE_LOOP_ANALYSIS = YES;
				CLANG_WARN_STRICT_PROTOTYPES = YES;
				CLANG_WARN_SUSPICIOUS_MOVE = YES;
				CLANG_WARN_UNGUARDED_AVAILABILITY = YES_AGGRESSIVE;
				CLANG_WARN_UNREACHABLE_CODE = YES;
				CLANG_WARN__DUPLICATE_METHOD_MATCH = YES;
				COPY_PHASE_STRIP = NO;
				DEBUG_INFORMATION_FORMAT = "dwarf-with-dsym";
				DEVELOPMENT_TEAM = LUQ926BAHR;
				ENABLE_NS_ASSERTIONS = NO;
				ENABLE_STRICT_OBJC_MSGSEND = YES;
				ENABLE_USER_SCRIPT_SANDBOXING = YES;
				GCC_C_LANGUAGE_STANDARD = gnu17;
				GCC_NO_COMMON_BLOCKS = YES;
				GCC_WARN_64_TO_32_BIT_CONVERSION = YES;
				GCC_WARN_ABOUT_RETURN_TYPE = YES_ERROR;
				GCC_WARN_UNDECLARED_SELECTOR = YES;
				GCC_WARN_UNINITIALIZED_AUTOS = YES_AGGRESSIVE;
				GCC_WARN_UNUSED_FUNCTION = YES;
				GCC_WARN_UNUSED_VARIABLE = YES;
				IPHONEOS_DEPLOYMENT_TARGET = 26.4;
				LOCALIZATION_PREFERS_STRING_CATALOGS = YES;
				MTL_ENABLE_DEBUG_INFO = NO;
				MTL_FAST_MATH = YES;
				SDKROOT = iphoneos;
				SWIFT_COMPILATION_MODE = wholemodule;
				VALIDATE_PRODUCT = YES;
			};
			name = Release;
		};
		848176D23017B37400F6E534 /* Debug */ = {
			isa = XCBuildConfiguration;
			buildSettings = {
				ASSETCATALOG_COMPILER_APPICON_NAME = AppIcon;
				ASSETCATALOG_COMPILER_GLOBAL_ACCENT_COLOR_NAME = AccentColor;
				CODE_SIGN_ENTITLEMENTS = NPCEnglish/NPCEnglish.entitlements;
				CODE_SIGN_STYLE = Automatic;
				CURRENT_PROJECT_VERSION = 1;
				DEVELOPMENT_TEAM = LUQ926BAHR;
				ENABLE_PREVIEWS = YES;
				GENERATE_INFOPLIST_FILE = YES;
				INFOPLIST_FILE = NPCEnglish/Info.plist;
				INFOPLIST_KEY_CFBundleDisplayName = NPCEnglish;
				INFOPLIST_KEY_UIApplicationSceneManifest_Generation = YES;
				INFOPLIST_KEY_UIApplicationSupportsIndirectInputEvents = YES;
				INFOPLIST_KEY_UILaunchScreen_Generation = YES;
				INFOPLIST_KEY_UISupportedInterfaceOrientations_iPad = "UIInterfaceOrientationPortrait UIInterfaceOrientationPortraitUpsideDown UIInterfaceOrientationLandscapeLeft UIInterfaceOrientationLandscapeRight";
				INFOPLIST_KEY_UISupportedInterfaceOrientations_iPhone = "UIInterfaceOrientationPortrait UIInterfaceOrientationLandscapeLeft UIInterfaceOrientationLandscapeRight";
				IPHONEOS_DEPLOYMENT_TARGET = 17.0;
				LD_RUNPATH_SEARCH_PATHS = (
					"$(inherited)",
					"@executable_path/Frameworks",
				);
				MARKETING_VERSION = 1.0;
				PRODUCT_BUNDLE_IDENTIFIER = "-2.NPCEnglish";
				PRODUCT_NAME = "$(TARGET_NAME)";
				STRING_CATALOG_GENERATE_SYMBOLS = YES;
				SWIFT_APPROACHABLE_CONCURRENCY = YES;
				SWIFT_DEFAULT_ACTOR_ISOLATION = MainActor;
				SWIFT_EMIT_LOC_STRINGS = YES;
				SWIFT_UPCOMING_FEATURE_MEMBER_IMPORT_VISIBILITY = YES;
				SWIFT_VERSION = 5.0;
				TARGETED_DEVICE_FAMILY = "1,2";
			};
			name = Debug;
		};
		848176D33017B37400F6E534 /* Release */ = {
			isa = XCBuildConfiguration;
			buildSettings = {
				ASSETCATALOG_COMPILER_APPICON_NAME = AppIcon;
				ASSETCATALOG_COMPILER_GLOBAL_ACCENT_COLOR_NAME = AccentColor;
				CODE_SIGN_ENTITLEMENTS = NPCEnglish/NPCEnglish.entitlements;
				CODE_SIGN_STYLE = Automatic;
				CURRENT_PROJECT_VERSION = 1;
				DEVELOPMENT_TEAM = LUQ926BAHR;
				ENABLE_PREVIEWS = YES;
				GENERATE_INFOPLIST_FILE = YES;
				INFOPLIST_FILE = NPCEnglish/Info.plist;
				INFOPLIST_KEY_CFBundleDisplayName = NPCEnglish;
				INFOPLIST_KEY_UIApplicationSceneManifest_Generation = YES;
				INFOPLIST_KEY_UIApplicationSupportsIndirectInputEvents = YES;
				INFOPLIST_KEY_UILaunchScreen_Generation = YES;
				INFOPLIST_KEY_UISupportedInterfaceOrientations_iPad = "UIInterfaceOrientationPortrait UIInterfaceOrientationPortraitUpsideDown UIInterfaceOrientationLandscapeLeft UIInterfaceOrientationLandscapeRight";
				INFOPLIST_KEY_UISupportedInterfaceOrientations_iPhone = "UIInterfaceOrientationPortrait UIInterfaceOrientationLandscapeLeft UIInterfaceOrientationLandscapeRight";
				IPHONEOS_DEPLOYMENT_TARGET = 17.0;
				LD_RUNPATH_SEARCH_PATHS = (
					"$(inherited)",
					"@executable_path/Frameworks",
				);
				MARKETING_VERSION = 1.0;
				PRODUCT_BUNDLE_IDENTIFIER = "-2.NPCEnglish";
				PRODUCT_NAME = "$(TARGET_NAME)";
				STRING_CATALOG_GENERATE_SYMBOLS = YES;
				SWIFT_APPROACHABLE_CONCURRENCY = YES;
				SWIFT_DEFAULT_ACTOR_ISOLATION = MainActor;
				SWIFT_EMIT_LOC_STRINGS = YES;
				SWIFT_UPCOMING_FEATURE_MEMBER_IMPORT_VISIBILITY = YES;
				SWIFT_VERSION = 5.0;
				TARGETED_DEVICE_FAMILY = "1,2";
			};
			name = Release;
		};
		84AA9B40301F9D3500550B74 /* Debug */ = {
			isa = XCBuildConfiguration;
			buildSettings = {
				BUNDLE_LOADER = "$(TEST_HOST)";
				CODE_SIGN_STYLE = Automatic;
				CURRENT_PROJECT_VERSION = 1;
				DEVELOPMENT_TEAM = LUQ926BAHR;
				GENERATE_INFOPLIST_FILE = YES;
				IPHONEOS_DEPLOYMENT_TARGET = 17.0;
				MARKETING_VERSION = 1.0;
				PRODUCT_BUNDLE_IDENTIFIER = "-2.NPCEnglishTests";
				PRODUCT_NAME = "$(TARGET_NAME)";
				STRING_CATALOG_GENERATE_SYMBOLS = NO;
				SWIFT_APPROACHABLE_CONCURRENCY = YES;
				SWIFT_EMIT_LOC_STRINGS = NO;
				SWIFT_UPCOMING_FEATURE_MEMBER_IMPORT_VISIBILITY = YES;
				SWIFT_VERSION = 5.0;
				TARGETED_DEVICE_FAMILY = "1,2";
				TEST_HOST = "$(BUILT_PRODUCTS_DIR)/NPCEnglish.app/$(BUNDLE_EXECUTABLE_FOLDER_PATH)/NPCEnglish";
			};
			name = Debug;
		};
		84AA9B41301F9D3500550B74 /* Release */ = {
			isa = XCBuildConfiguration;
			buildSettings = {
				BUNDLE_LOADER = "$(TEST_HOST)";
				CODE_SIGN_STYLE = Automatic;
				CURRENT_PROJECT_VERSION = 1;
				DEVELOPMENT_TEAM = LUQ926BAHR;
				GENERATE_INFOPLIST_FILE = YES;
				IPHONEOS_DEPLOYMENT_TARGET = 17.0;
				MARKETING_VERSION = 1.0;
				PRODUCT_BUNDLE_IDENTIFIER = "-2.NPCEnglishTests";
				PRODUCT_NAME = "$(TARGET_NAME)";
				STRING_CATALOG_GENERATE_SYMBOLS = NO;
				SWIFT_APPROACHABLE_CONCURRENCY = YES;
				SWIFT_EMIT_LOC_STRINGS = NO;
				SWIFT_UPCOMING_FEATURE_MEMBER_IMPORT_VISIBILITY = YES;
				SWIFT_VERSION = 5.0;
				TARGETED_DEVICE_FAMILY = "1,2";
				TEST_HOST = "$(BUILT_PRODUCTS_DIR)/NPCEnglish.app/$(BUNDLE_EXECUTABLE_FOLDER_PATH)/NPCEnglish";
			};
			name = Release;
		};
		84AA9BA8301FA47100550B74 /* Debug */ = {
			isa = XCBuildConfiguration;
			buildSettings = {
				ASSETCATALOG_COMPILER_GLOBAL_ACCENT_COLOR_NAME = AccentColor;
				ASSETCATALOG_COMPILER_WIDGET_BACKGROUND_COLOR_NAME = WidgetBackground;
				CODE_SIGN_ENTITLEMENTS = NPCEnglishWidgetExtension.entitlements;
				CODE_SIGN_STYLE = Automatic;
				CURRENT_PROJECT_VERSION = 1;
				DEVELOPMENT_TEAM = LUQ926BAHR;
				GENERATE_INFOPLIST_FILE = YES;
				INFOPLIST_FILE = NPCEnglishWidget/Info.plist;
				INFOPLIST_KEY_CFBundleDisplayName = NPCEnglishWidget;
				INFOPLIST_KEY_NSHumanReadableCopyright = "";
				IPHONEOS_DEPLOYMENT_TARGET = 18.6;
				LD_RUNPATH_SEARCH_PATHS = (
					"$(inherited)",
					"@executable_path/Frameworks",
					"@executable_path/../../Frameworks",
				);
				MARKETING_VERSION = 1.0;
				PRODUCT_BUNDLE_IDENTIFIER = "-2.NPCEnglish.NPCEnglishWidget";
				PRODUCT_NAME = "$(TARGET_NAME)";
				SKIP_INSTALL = YES;
				STRING_CATALOG_GENERATE_SYMBOLS = YES;
				SWIFT_APPROACHABLE_CONCURRENCY = YES;
				SWIFT_EMIT_LOC_STRINGS = YES;
				SWIFT_UPCOMING_FEATURE_MEMBER_IMPORT_VISIBILITY = YES;
				SWIFT_VERSION = 5.0;
				TARGETED_DEVICE_FAMILY = "1,2";
			};
			name = Debug;
		};
		84AA9BA9301FA47100550B74 /* Release */ = {
			isa = XCBuildConfiguration;
			buildSettings = {
				ASSETCATALOG_COMPILER_GLOBAL_ACCENT_COLOR_NAME = AccentColor;
				ASSETCATALOG_COMPILER_WIDGET_BACKGROUND_COLOR_NAME = WidgetBackground;
				CODE_SIGN_ENTITLEMENTS = NPCEnglishWidgetExtension.entitlements;
				CODE_SIGN_STYLE = Automatic;
				CURRENT_PROJECT_VERSION = 1;
				DEVELOPMENT_TEAM = LUQ926BAHR;
				GENERATE_INFOPLIST_FILE = YES;
				INFOPLIST_FILE = NPCEnglishWidget/Info.plist;
				INFOPLIST_KEY_CFBundleDisplayName = NPCEnglishWidget;
				INFOPLIST_KEY_NSHumanReadableCopyright = "";
				IPHONEOS_DEPLOYMENT_TARGET = 18.6;
				LD_RUNPATH_SEARCH_PATHS = (
					"$(inherited)",
					"@executable_path/Frameworks",
					"@executable_path/../../Frameworks",
				);
				MARKETING_VERSION = 1.0;
				PRODUCT_BUNDLE_IDENTIFIER = "-2.NPCEnglish.NPCEnglishWidget";
				PRODUCT_NAME = "$(TARGET_NAME)";
				SKIP_INSTALL = YES;
				STRING_CATALOG_GENERATE_SYMBOLS = YES;
				SWIFT_APPROACHABLE_CONCURRENCY = YES;
				SWIFT_EMIT_LOC_STRINGS = YES;
				SWIFT_UPCOMING_FEATURE_MEMBER_IMPORT_VISIBILITY = YES;
				SWIFT_VERSION = 5.0;
				TARGETED_DEVICE_FAMILY = "1,2";
			};
			name = Release;
		};
/* End XCBuildConfiguration section */

/* Begin XCConfigurationList section */
		848176C13017B37200F6E534 /* Build configuration list for PBXProject "NPCEnglish" */ = {
			isa = XCConfigurationList;
			buildConfigurations = (
				848176CF3017B37400F6E534 /* Debug */,
				848176D03017B37400F6E534 /* Release */,
			);
			defaultConfigurationIsVisible = 0;
			defaultConfigurationName = Release;
		};
		848176D13017B37400F6E534 /* Build configuration list for PBXNativeTarget "NPCEnglish" */ = {
			isa = XCConfigurationList;
			buildConfigurations = (
				848176D23017B37400F6E534 /* Debug */,
				848176D33017B37400F6E534 /* Release */,
			);
			defaultConfigurationIsVisible = 0;
			defaultConfigurationName = Release;
		};
		84AA9B42301F9D3500550B74 /* Build configuration list for PBXNativeTarget "NPCEnglishTests" */ = {
			isa = XCConfigurationList;
			buildConfigurations = (
				84AA9B40301F9D3500550B74 /* Debug */,
				84AA9B41301F9D3500550B74 /* Release */,
			);
			defaultConfigurationIsVisible = 0;
			defaultConfigurationName = Release;
		};
		84AA9BA7301FA47100550B74 /* Build configuration list for PBXNativeTarget "NPCEnglishWidgetExtension" */ = {
			isa = XCConfigurationList;
			buildConfigurations = (
				84AA9BA8301FA47100550B74 /* Debug */,
				84AA9BA9301FA47100550B74 /* Release */,
			);
			defaultConfigurationIsVisible = 0;
			defaultConfigurationName = Release;
		};
/* End XCConfigurationList section */
	};
	rootObject = 848176BE3017B37200F6E534 /* Project object */;
}
